
Microsoft Visual Studio Solution File, Format Version 12.00
# Visual Studio Version 17
VisualStudioVersion = 17.10.35027.167
MinimumVisualStudioVersion = 10.0.40219.1
Project("{FAE04EC0-301F-11D3-BF4B-00C04F79EFBC}") = "WebApplication3_coffees", "WebApplication3_coffees.csproj", "{ADECA664-553D-40A0-836C-7D57E213EB41}"
EndProject
Global
	GlobalSection(SolutionConfigurationPlatforms) = preSolution
		Debug|Any CPU = Debug|Any CPU
		Release|Any CPU = Release|Any CPU
	EndGlobalSection
	GlobalSection(ProjectConfigurationPlatforms) = postSolution
		{ADECA664-553D-40A0-836C-7D57E213EB41}.Debug|Any CPU.ActiveCfg = Debug|Any CPU
		{ADECA664-553D-40A0-836C-7D57E213EB41}.Debug|Any CPU.Build.0 = Debug|Any CPU
		{ADECA664-553D-40A0-836C-7D57E213EB41}.Release|Any CPU.ActiveCfg = Release|Any CPU
		{ADECA664-553D-40A0-836C-7D57E213EB41}.Release|Any CPU.Build.0 = Release|Any CPU
	EndGlobalSection
	GlobalSection(SolutionProperties) = preSolution
		HideSolutionNode = FALSE
	EndGlobalSection
	GlobalSection(ExtensibilityGlobals) = postSolution
		SolutionGuid = {E92E3C49-4632-454F-B0CB-2A6EE4996A67}
	EndGlobalSection
EndGlobal
